// !$*UTF8*$!
{
	archiveVersion = 1;
	classes = {
	};
	objectVersion = 54;
	objects = {

/* Begin PBXBuildFile section */
		00E356F31AD99517003FC87E /* Coffee_Shop_AppTests.m in Sources */ = {isa = PBXBuildFile; fileRef = 00E356F21AD99517003FC87E /* Coffee_Shop_AppTests.m */; };
		0C80B921A6F3F58F76C31292 /* libPods-Coffee_Shop_App.a in Frameworks */ = {isa = PBXBuildFile; fileRef = 5DCACB8F33CDC322A6C60F78 /* libPods-Coffee_Shop_App.a */; };
		13B07FBC1A68108700A75B9A /* AppDelegate.mm in Sources */ = {isa = PBXBuildFile; fileRef = 13B07FB01A68108700A75B9A /* AppDelegate.mm */; };
		13B07FBF1A68108700A75B9A /* Images.xcassets in Resources */ = {isa = PBXBuildFile; fileRef = 13B07FB51A68108700A75B9A /* Images.xcassets */; };
		13B07FC11A68108700A75B9A /* main.m in Sources */ = {isa = PBXBuildFile; fileRef = 13B07FB71A68108700A75B9A /* main.m */; };
		7699B88040F8A987B510C191 /* libPods-Coffee_Shop_App-Coffee_Shop_AppTests.a in Frameworks */ = {isa = PBXBuildFile; fileRef = 19F6CBCC0A4E27FBF8BF4A61 /* libPods-Coffee_Shop_App-Coffee_Shop_AppTests.a */; };
		81AB9BB82411601600AC10FF /* LaunchScreen.storyboard in Resources */ = {isa = PBXBuildFile; fileRef = 81AB9BB72411601600AC10FF /* LaunchScreen.storyboard */; };
		273AADF0093E4031A9A4132E /* app_icons.ttf in Resources */ = {isa = PBXBuildFile; fileRef = C94E86DFAE8B4F798C8BA43C /* app_icons.ttf */; };
		933164E5855C436DB1232486 /* Poppins-Black.ttf in Resources */ = {isa = PBXBuildFile; fileRef = C6337E1E4AB34DB98F35AA4A /* Poppins-Black.ttf */; };
		C28A0B7512FB490AA902FC26 /* Poppins-Bold.ttf in Resources */ = {isa = PBXBuildFile; fileRef = 9A7E006E6A174F608EF2F028 /* Poppins-Bold.ttf */; };
		036BF0FF3D0A40409CE72668 /* Poppins-ExtraBold.ttf in Resources */ = {isa = PBXBuildFile; fileRef = A78E911F449C42498B086161 /* Poppins-ExtraBold.ttf */; };
		8CB80193B1DC49869C729D8E /* Poppins-ExtraLight.ttf in Resources */ = {isa = PBXBuildFile; fileRef = DC3FA5867ECC418AA90C68F0 /* Poppins-ExtraLight.ttf */; };
		4FEAF2F4CC16482DAC63B044 /* Poppins-Light.ttf in Resources */ = {isa = PBXBuildFile; fileRef = 79C3299574834047998F5DCF /* Poppins-Light.ttf */; };
		B88EEE22BE024B08A85940B5 /* Poppins-Medium.ttf in Resources */ = {isa = PBXBuildFile; fileRef = B7107DAA45184F8C9B820A80 /* Poppins-Medium.ttf */; };
		AB2D09D782A54CC0A8814CA9 /* Poppins-Regular.ttf in Resources */ = {isa = PBXBuildFile; fileRef = F1FBAD6C263042AEBD0EAA36 /* Poppins-Regular.ttf */; };
		AAC1A7E6456249D49CB329C6 /* Poppins-SemiBold.ttf in Resources */ = {isa = PBXBuildFile; fileRef = 2495685236684607B8AB8D92 /* Poppins-SemiBold.ttf */; };
		2CB4A889D67F4C9DACD70267 /* Poppins-Thin.ttf in Resources */ = {isa = PBXBuildFile; fileRef = 5B61F984385B44CE966A0B74 /* Poppins-Thin.ttf */; };
		60B9E70F86EC4B4B83E81B7B /* amazonpay.png in Resources */ = {isa = PBXBuildFile; fileRef = 3142222C02CC4EA6962C2289 /* amazonpay.png */; };
		282EC49146B9495D9450DFE6 /* applepay.png in Resources */ = {isa = PBXBuildFile; fileRef = 295B0A9CA94E4A74B165FD59 /* applepay.png */; };
		07140FCC7FBE4EE588539220 /* avatar.png in Resources */ = {isa = PBXBuildFile; fileRef = CAC0E19C02D6479C8FEAC137 /* avatar.png */; };
		273086E596D0466C88092E53 /* gpay.png in Resources */ = {isa = PBXBuildFile; fileRef = 09BDD3A263AE419F898814C3 /* gpay.png */; };
		B194BB10950E4B9F897E97C9 /* americano_pic_1_portrait.png in Resources */ = {isa = PBXBuildFile; fileRef = A0B9CA2377104F91AB68334C /* americano_pic_1_portrait.png */; };
		A0D00F9B0E1E4BBC886DECD7 /* americano_pic_2_portrait.png in Resources */ = {isa = PBXBuildFile; fileRef = CC00A1C5385440D593257F0B /* americano_pic_2_portrait.png */; };
		6C76A6ECE24349AE9258F4DB /* americano_pic_3_portrait.png in Resources */ = {isa = PBXBuildFile; fileRef = 2AEF5AC0229E4447AB33C2C7 /* americano_pic_3_portrait.png */; };
		9E09C92EBF144877891C8C05 /* americano_pic_1_square.png in Resources */ = {isa = PBXBuildFile; fileRef = B5A21A41C1164759AFB640BD /* americano_pic_1_square.png */; };
		0442CB7F718548ECB9E087AE /* americano_pic_2_square.png in Resources */ = {isa = PBXBuildFile; fileRef = EBE2A464F3B742838AE7F938 /* americano_pic_2_square.png */; };
		7D4621F57ADD4EB4BCFDD1F3 /* americano_pic_3_square.png in Resources */ = {isa = PBXBuildFile; fileRef = 01B11CFC9BB44B13B6EAF347 /* americano_pic_3_square.png */; };
		6FBE49C6FEA24D9A909A40D7 /* arabica_coffee_beans_portrait.png in Resources */ = {isa = PBXBuildFile; fileRef = 28D0CFCCC55A4DFE833065AE /* arabica_coffee_beans_portrait.png */; };
		E3ADFF5FD4D74FB8883C7EDA /* arabica_coffee_beans_square.png in Resources */ = {isa = PBXBuildFile; fileRef = 95F227E769E24AC7AB2EDB40 /* arabica_coffee_beans_square.png */; };
		6EE5D5BE129F47A1B9CCEF39 /* black_coffee_pic_1_portrait.png in Resources */ = {isa = PBXBuildFile; fileRef = FD8E700200D142D8B97CCEEF /* black_coffee_pic_1_portrait.png */; };
		B1FDD6F1F2B141A18F4E819C /* black_coffee_pic_2_portrait.png in Resources */ = {isa = PBXBuildFile; fileRef = 7245A187A3B4413F94E52131 /* black_coffee_pic_2_portrait.png */; };
		64DCD8108F414DEBA0ED1B96 /* black_coffee_pic_3_portrait.png in Resources */ = {isa = PBXBuildFile; fileRef = 04B2F8E6B1F0476A8A9E38C7 /* black_coffee_pic_3_portrait.png */; };
		24A4924BF47F4BD6B2465BAD /* black_coffee_pic_1_square.png in Resources */ = {isa = PBXBuildFile; fileRef = 993248583B8445F6B0F2462A /* black_coffee_pic_1_square.png */; };
		59F28F210BE645769654A5B1 /* black_coffee_pic_2_square.png in Resources */ = {isa = PBXBuildFile; fileRef = 9CFD6DED7A1E43D4AE0ED855 /* black_coffee_pic_2_square.png */; };
		3064352EF1AC4F84AC67824E /* black_coffee_pic_3_square.png in Resources */ = {isa = PBXBuildFile; fileRef = 8C2E8DD2DBF14425832AD47D /* black_coffee_pic_3_square.png */; };
		14E1333DAF98423BB74AC494 /* cappuccino_pic_1_portrait.png in Resources */ = {isa = PBXBuildFile; fileRef = 18AE818C73C04F24B0883C9D /* cappuccino_pic_1_portrait.png */; };
		5F39CD7E90354DC4B59D8846 /* cappuccino_pic_2_portrait.png in Resources */ = {isa = PBXBuildFile; fileRef = 48EB44F9F0824DD7BCE7836D /* cappuccino_pic_2_portrait.png */; };
		4E56EA6911A744E8B676838B /* cappuccino_pic_3_portrait.png in Resources */ = {isa = PBXBuildFile; fileRef = 966240D5A4304EF4BC058C4F /* cappuccino_pic_3_portrait.png */; };
		DD6EA5BF334D4EECB41ECD93 /* cappuccino_pic_1_square.png in Resources */ = {isa = PBXBuildFile; fileRef = 30954668DC424E34BE6C4032 /* cappuccino_pic_1_square.png */; };
		2AFD513F3666470380D37B5F /* cappuccino_pic_2_square.png in Resources */ = {isa = PBXBuildFile; fileRef = 6A6406CED527434B99AD2AEF /* cappuccino_pic_2_square.png */; };
		FCD78447E2EA4902A3A73651 /* cappuccino_pic_3_square.png in Resources */ = {isa = PBXBuildFile; fileRef = B65E7BB79C984A3698CEBD61 /* cappuccino_pic_3_square.png */; };
		8C01A3EF5D0043F88E620A8D /* espresso_pic_1_portrait.png in Resources */ = {isa = PBXBuildFile; fileRef = C592969BAA6D4FD58780105A /* espresso_pic_1_portrait.png */; };
		B642263DC5094BC2BE6DF787 /* espresso_pic_2_portrait.png in Resources */ = {isa = PBXBuildFile; fileRef = 9C0183CF95B44BBFB82C0B28 /* espresso_pic_2_portrait.png */; };
		D95408F83B404BF8B4168950 /* espresso_pic_3_portrait.png in Resources */ = {isa = PBXBuildFile; fileRef = 44B66FEF1AA64688818B3F52 /* espresso_pic_3_portrait.png */; };
		607EC8AF8A624A2B975E92A9 /* espresso_pic_1_square.png in Resources */ = {isa = PBXBuildFile; fileRef = E8EDAC20BCA64533ADE8C355 /* espresso_pic_1_square.png */; };
		CC11194A55EB4B67A02FA910 /* espresso_pic_2_square.png in Resources */ = {isa = PBXBuildFile; fileRef = 5459072149424DF9A575F174 /* espresso_pic_2_square.png */; };
		8B651CFE2D984A3BBAA506A9 /* espresso_pic_3_square.png in Resources */ = {isa = PBXBuildFile; fileRef = 621EF03F2D434BB284F6A5C2 /* espresso_pic_3_square.png */; };
		5468C78D2A5842F5922156FA /* excelsa_coffee_beans_portrait.png in Resources */ = {isa = PBXBuildFile; fileRef = 362CC27ED87D492280CE5FAB /* excelsa_coffee_beans_portrait.png */; };
		7B2425ADDFC0452C9F9CD4E6 /* excelsa_coffee_beans_square.png in Resources */ = {isa = PBXBuildFile; fileRef = 27F1A5B403074C98859598CD /* excelsa_coffee_beans_square.png */; };
		5DB5E902008A4876ACC41D78 /* latte_pic_1_portrait.png in Resources */ = {isa = PBXBuildFile; fileRef = 066C6E828E0447D8846012E1 /* latte_pic_1_portrait.png */; };
		ED3C0535E1A0429EB218FE62 /* latte_pic_2_portrait.png in Resources */ = {isa = PBXBuildFile; fileRef = E10C3E0C31094388A5D553D1 /* latte_pic_2_portrait.png */; };
		07583BCE51D24D2C9842663B /* latte_pic_3_portrait.png in Resources */ = {isa = PBXBuildFile; fileRef = E5EE800664FC4A7A80E3F33D /* latte_pic_3_portrait.png */; };
		5AA344E6A7614DAD8C026D8C /* latte_pic_1_square.png in Resources */ = {isa = PBXBuildFile; fileRef = 62F08ADE957F4A4896551207 /* latte_pic_1_square.png */; };
		5463E14FE5A045D1ACE45051 /* latte_pic_2_square.png in Resources */ = {isa = PBXBuildFile; fileRef = DBF302A20A5F418CBA61058B /* latte_pic_2_square.png */; };
		53939474BFDB4EB2AC3AA816 /* latte_pic_3_square.png in Resources */ = {isa = PBXBuildFile; fileRef = EC688EC6CD5542C88D6AB2CA /* latte_pic_3_square.png */; };
		5C53ED3073E84152B338E3DA /* liberica_coffee_beans_portrait.png in Resources */ = {isa = PBXBuildFile; fileRef = D11BE26D38B840D3B9A5C07E /* liberica_coffee_beans_portrait.png */; };
		E2DFEAA73963462B892EBDA4 /* liberica_coffee_beans_square.png in Resources */ = {isa = PBXBuildFile; fileRef = 60CCCEC625684D0E9C4038F4 /* liberica_coffee_beans_square.png */; };
		10709DF0DB5C4F4AA411D06B /* macchiato_pic_1_portrait.png in Resources */ = {isa = PBXBuildFile; fileRef = 1D551D427C264CCC8F57BDA7 /* macchiato_pic_1_portrait.png */; };
		021DD2CF00604C9CA42B3F69 /* macchiato_pic_2_portrait.png in Resources */ = {isa = PBXBuildFile; fileRef = 8B5CDCC2EBE441DC85504CC0 /* macchiato_pic_2_portrait.png */; };
		942D986B34274ACBBC042CF3 /* macchiato_pic_3_portrait.png in Resources */ = {isa = PBXBuildFile; fileRef = F677E770556A42E69C072265 /* macchiato_pic_3_portrait.png */; };
		A2FEC90F802747838BE7B062 /* macchiato_pic_1_square.png in Resources */ = {isa = PBXBuildFile; fileRef = 97C81EEC6AF0478C92C06131 /* macchiato_pic_1_square.png */; };
		27ED911D0C7040098E71E5AF /* macchiato_pic_2_square.png in Resources */ = {isa = PBXBuildFile; fileRef = 0CABF549AF234E2086206424 /* macchiato_pic_2_square.png */; };
		4F3A4BE3BC194F91820CF5FF /* macchiato_pic_3_square.png in Resources */ = {isa = PBXBuildFile; fileRef = F89AADAED58C4B459AA30AF6 /* macchiato_pic_3_square.png */; };
		6EAF5715E1164C06BE2BAFE9 /* robusta_coffee_beans_portrait.png in Resources */ = {isa = PBXBuildFile; fileRef = AF3EB850359B467699ED6D1B /* robusta_coffee_beans_portrait.png */; };
		299B5E433064413B9EECD3EC /* robusta_coffee_beans_square.png in Resources */ = {isa = PBXBuildFile; fileRef = 7CF4175776034AB6AA3FCC24 /* robusta_coffee_beans_square.png */; };
		8F7F333DE27448F8B5080D2C /* default_post.png in Resources */ = {isa = PBXBuildFile; fileRef = 0475076829244A919BEBEC50 /* default_post.png */; };
		0FFEA41E12C14A25BE0071AF /* surprised.png in Resources */ = {isa = PBXBuildFile; fileRef = 0FDD54ECDD124FB9B09CFE0C /* surprised.png */; };
		1F6D2CBCAD1D4C3E851BAD9E /* windows.svg in Resources */ = {isa = PBXBuildFile; fileRef = 3073C16DD7F2466DBB05424B /* windows.svg */; };
		DCE54B765C1F4F65909A2DF4 /* globalStyles.js in Resources */ = {isa = PBXBuildFile; fileRef = 8FA3496B273B4C328E59A10B /* globalStyles.js */; };
		6E7E28F76C334E80AEC36380 /* launch_screen.png in Resources */ = {isa = PBXBuildFile; fileRef = DABA2A8B2132436F919650CF /* launch_screen.png */; };
/* End PBXBuildFile section */

/* Begin PBXContainerItemProxy section */
		00E356F41AD99517003FC87E /* PBXContainerItemProxy */ = {
			isa = PBXContainerItemProxy;
			containerPortal = 83CBB9F71A601CBA00E9B192 /* Project object */;
			proxyType = 1;
			remoteGlobalIDString = 13B07F861A680F5B00A75B9A;
			remoteInfo = Coffee_Shop_App;
		};
/* End PBXContainerItemProxy section */

/* Begin PBXFileReference section */
		00E356EE1AD99517003FC87E /* Coffee_Shop_AppTests.xctest */ = {isa = PBXFileReference; explicitFileType = wrapper.cfbundle; includeInIndex = 0; path = Coffee_Shop_AppTests.xctest; sourceTree = BUILT_PRODUCTS_DIR; };
		00E356F11AD99517003FC87E /* Info.plist */ = {isa = PBXFileReference; lastKnownFileType = text.plist.xml; path = Info.plist; sourceTree = "<group>"; };
		00E356F21AD99517003FC87E /* Coffee_Shop_AppTests.m */ = {isa = PBXFileReference; lastKnownFileType = sourcecode.c.objc; path = Coffee_Shop_AppTests.m; sourceTree = "<group>"; };
		13B07F961A680F5B00A75B9A /* Coffee_Shop_App.app */ = {isa = PBXFileReference; explicitFileType = wrapper.application; includeInIndex = 0; path = Coffee_Shop_App.app; sourceTree = BUILT_PRODUCTS_DIR; };
		13B07FAF1A68108700A75B9A /* AppDelegate.h */ = {isa = PBXFileReference; fileEncoding = 4; lastKnownFileType = sourcecode.c.h; name = AppDelegate.h; path = Coffee_Shop_App/AppDelegate.h; sourceTree = "<group>"; };
		13B07FB01A68108700A75B9A /* AppDelegate.mm */ = {isa = PBXFileReference; fileEncoding = 4; lastKnownFileType = sourcecode.cpp.objcpp; name = AppDelegate.mm; path = Coffee_Shop_App/AppDelegate.mm; sourceTree = "<group>"; };
		13B07FB51A68108700A75B9A /* Images.xcassets */ = {isa = PBXFileReference; lastKnownFileType = folder.assetcatalog; name = Images.xcassets; path = Coffee_Shop_App/Images.xcassets; sourceTree = "<group>"; };
		13B07FB61A68108700A75B9A /* Info.plist */ = {isa = PBXFileReference; fileEncoding = 4; lastKnownFileType = text.plist.xml; name = Info.plist; path = Coffee_Shop_App/Info.plist; sourceTree = "<group>"; };
		13B07FB71A68108700A75B9A /* main.m */ = {isa = PBXFileReference; fileEncoding = 4; lastKnownFileType = sourcecode.c.objc; name = main.m; path = Coffee_Shop_App/main.m; sourceTree = "<group>"; };
		19F6CBCC0A4E27FBF8BF4A61 /* libPods-Coffee_Shop_App-Coffee_Shop_AppTests.a */ = {isa = PBXFileReference; explicitFileType = archive.ar; includeInIndex = 0; path = "libPods-Coffee_Shop_App-Coffee_Shop_AppTests.a"; sourceTree = BUILT_PRODUCTS_DIR; };
		3B4392A12AC88292D35C810B /* Pods-Coffee_Shop_App.debug.xcconfig */ = {isa = PBXFileReference; includeInIndex = 1; lastKnownFileType = text.xcconfig; name = "Pods-Coffee_Shop_App.debug.xcconfig"; path = "Target Support Files/Pods-Coffee_Shop_App/Pods-Coffee_Shop_App.debug.xcconfig"; sourceTree = "<group>"; };
		5709B34CF0A7D63546082F79 /* Pods-Coffee_Shop_App.release.xcconfig */ = {isa = PBXFileReference; includeInIndex = 1; lastKnownFileType = text.xcconfig; name = "Pods-Coffee_Shop_App.release.xcconfig"; path = "Target Support Files/Pods-Coffee_Shop_App/Pods-Coffee_Shop_App.release.xcconfig"; sourceTree = "<group>"; };
		5B7EB9410499542E8C5724F5 /* Pods-Coffee_Shop_App-Coffee_Shop_AppTests.debug.xcconfig */ = {isa = PBXFileReference; includeInIndex = 1; lastKnownFileType = text.xcconfig; name = "Pods-Coffee_Shop_App-Coffee_Shop_AppTests.debug.xcconfig"; path = "Target Support Files/Pods-Coffee_Shop_App-Coffee_Shop_AppTests/Pods-Coffee_Shop_App-Coffee_Shop_AppTests.debug.xcconfig"; sourceTree = "<group>"; };
		5DCACB8F33CDC322A6C60F78 /* libPods-Coffee_Shop_App.a */ = {isa = PBXFileReference; explicitFileType = archive.ar; includeInIndex = 0; path = "libPods-Coffee_Shop_App.a"; sourceTree = BUILT_PRODUCTS_DIR; };
		81AB9BB72411601600AC10FF /* LaunchScreen.storyboard */ = {isa = PBXFileReference; fileEncoding = 4; lastKnownFileType = file.storyboard; name = LaunchScreen.storyboard; path = Coffee_Shop_App/LaunchScreen.storyboard; sourceTree = "<group>"; };
		89C6BE57DB24E9ADA2F236DE /* Pods-Coffee_Shop_App-Coffee_Shop_AppTests.release.xcconfig */ = {isa = PBXFileReference; includeInIndex = 1; lastKnownFileType = text.xcconfig; name = "Pods-Coffee_Shop_App-Coffee_Shop_AppTests.release.xcconfig"; path = "Target Support Files/Pods-Coffee_Shop_App-Coffee_Shop_AppTests/Pods-Coffee_Shop_App-Coffee_Shop_AppTests.release.xcconfig"; sourceTree = "<group>"; };
		ED297162215061F000B7C4FE /* JavaScriptCore.framework */ = {isa = PBXFileReference; lastKnownFileType = wrapper.framework; name = JavaScriptCore.framework; path = System/Library/Frameworks/JavaScriptCore.framework; sourceTree = SDKROOT; };
		C94E86DFAE8B4F798C8BA43C /* app_icons.ttf */ = {isa = PBXFileReference; name = "app_icons.ttf"; path = "../src/assets/fonts/app_icons.ttf"; sourceTree = "<group>"; fileEncoding = undefined; lastKnownFileType = unknown; explicitFileType = undefined; includeInIndex = 0; };
		C6337E1E4AB34DB98F35AA4A /* Poppins-Black.ttf */ = {isa = PBXFileReference; name = "Poppins-Black.ttf"; path = "../src/assets/fonts/Poppins-Black.ttf"; sourceTree = "<group>"; fileEncoding = undefined; lastKnownFileType = unknown; explicitFileType = undefined; includeInIndex = 0; };
		9A7E006E6A174F608EF2F028 /* Poppins-Bold.ttf */ = {isa = PBXFileReference; name = "Poppins-Bold.ttf"; path = "../src/assets/fonts/Poppins-Bold.ttf"; sourceTree = "<group>"; fileEncoding = undefined; lastKnownFileType = unknown; explicitFileType = undefined; includeInIndex = 0; };
		A78E911F449C42498B086161 /* Poppins-ExtraBold.ttf */ = {isa = PBXFileReference; name = "Poppins-ExtraBold.ttf"; path = "../src/assets/fonts/Poppins-ExtraBold.ttf"; sourceTree = "<group>"; fileEncoding = undefined; lastKnownFileType = unknown; explicitFileType = undefined; includeInIndex = 0; };
		DC3FA5867ECC418AA90C68F0 /* Poppins-ExtraLight.ttf */ = {isa = PBXFileReference; name = "Poppins-ExtraLight.ttf"; path = "../src/assets/fonts/Poppins-ExtraLight.ttf"; sourceTree = "<group>"; fileEncoding = undefined; lastKnownFileType = unknown; explicitFileType = undefined; includeInIndex = 0; };
		79C3299574834047998F5DCF /* Poppins-Light.ttf */ = {isa = PBXFileReference; name = "Poppins-Light.ttf"; path = "../src/assets/fonts/Poppins-Light.ttf"; sourceTree = "<group>"; fileEncoding = undefined; lastKnownFileType = unknown; explicitFileType = undefined; includeInIndex = 0; };
		B7107DAA45184F8C9B820A80 /* Poppins-Medium.ttf */ = {isa = PBXFileReference; name = "Poppins-Medium.ttf"; path = "../src/assets/fonts/Poppins-Medium.ttf"; sourceTree = "<group>"; fileEncoding = undefined; lastKnownFileType = unknown; explicitFileType = undefined; includeInIndex = 0; };
		F1FBAD6C263042AEBD0EAA36 /* Poppins-Regular.ttf */ = {isa = PBXFileReference; name = "Poppins-Regular.ttf"; path = "../src/assets/fonts/Poppins-Regular.ttf"; sourceTree = "<group>"; fileEncoding = undefined; lastKnownFileType = unknown; explicitFileType = undefined; includeInIndex = 0; };
		2495685236684607B8AB8D92 /* Poppins-SemiBold.ttf */ = {isa = PBXFileReference; name = "Poppins-SemiBold.ttf"; path = "../src/assets/fonts/Poppins-SemiBold.ttf"; sourceTree = "<group>"; fileEncoding = undefined; lastKnownFileType = unknown; explicitFileType = undefined; includeInIndex = 0; };
		5B61F984385B44CE966A0B74 /* Poppins-Thin.ttf */ = {isa = PBXFileReference; name = "Poppins-Thin.ttf"; path = "../src/assets/fonts/Poppins-Thin.ttf"; sourceTree = "<group>"; fileEncoding = undefined; lastKnownFileType = unknown; explicitFileType = undefined; includeInIndex = 0; };
		3142222C02CC4EA6962C2289 /* amazonpay.png */ = {isa = PBXFileReference; name = "amazonpay.png"; path = "../src/assets/app_images/amazonpay.png"; sourceTree = "<group>"; fileEncoding = undefined; lastKnownFileType = unknown; explicitFileType = undefined; includeInIndex = 0; };
		295B0A9CA94E4A74B165FD59 /* applepay.png */ = {isa = PBXFileReference; name = "applepay.png"; path = "../src/assets/app_images/applepay.png"; sourceTree = "<group>"; fileEncoding = undefined; lastKnownFileType = unknown; explicitFileType = undefined; includeInIndex = 0; };
		CAC0E19C02D6479C8FEAC137 /* avatar.png */ = {isa = PBXFileReference; name = "avatar.png"; path = "../src/assets/app_images/avatar.png"; sourceTree = "<group>"; fileEncoding = undefined; lastKnownFileType = unknown; explicitFileType = undefined; includeInIndex = 0; };
		09BDD3A263AE419F898814C3 /* gpay.png */ = {isa = PBXFileReference; name = "gpay.png"; path = "../src/assets/app_images/gpay.png"; sourceTree = "<group>"; fileEncoding = undefined; lastKnownFileType = unknown; explicitFileType = undefined; includeInIndex = 0; };
		A0B9CA2377104F91AB68334C /* americano_pic_1_portrait.png */ = {isa = PBXFileReference; name = "americano_pic_1_portrait.png"; path = "../src/assets/coffee_assets/americano/portrait/americano_pic_1_portrait.png"; sourceTree = "<group>"; fileEncoding = undefined; lastKnownFileType = unknown; explicitFileType = undefined; includeInIndex = 0; };
		CC00A1C5385440D593257F0B /* americano_pic_2_portrait.png */ = {isa = PBXFileReference; name = "americano_pic_2_portrait.png"; path = "../src/assets/coffee_assets/americano/portrait/americano_pic_2_portrait.png"; sourceTree = "<group>"; fileEncoding = undefined; lastKnownFileType = unknown; explicitFileType = undefined; includeInIndex = 0; };
		2AEF5AC0229E4447AB33C2C7 /* americano_pic_3_portrait.png */ = {isa = PBXFileReference; name = "americano_pic_3_portrait.png"; path = "../src/assets/coffee_assets/americano/portrait/americano_pic_3_portrait.png"; sourceTree = "<group>"; fileEncoding = undefined; lastKnownFileType = unknown; explicitFileType = undefined; includeInIndex = 0; };
		B5A21A41C1164759AFB640BD /* americano_pic_1_square.png */ = {isa = PBXFileReference; name = "americano_pic_1_square.png"; path = "../src/assets/coffee_assets/americano/square/americano_pic_1_square.png"; sourceTree = "<group>"; fileEncoding = undefined; lastKnownFileType = unknown; explicitFileType = undefined; includeInIndex = 0; };
		EBE2A464F3B742838AE7F938 /* americano_pic_2_square.png */ = {isa = PBXFileReference; name = "americano_pic_2_square.png"; path = "../src/assets/coffee_assets/americano/square/americano_pic_2_square.png"; sourceTree = "<group>"; fileEncoding = undefined; lastKnownFileType = unknown; explicitFileType = undefined; includeInIndex = 0; };
		01B11CFC9BB44B13B6EAF347 /* americano_pic_3_square.png */ = {isa = PBXFileReference; name = "americano_pic_3_square.png"; path = "../src/assets/coffee_assets/americano/square/americano_pic_3_square.png"; sourceTree = "<group>"; fileEncoding = undefined; lastKnownFileType = unknown; explicitFileType = undefined; includeInIndex = 0; };
		28D0CFCCC55A4DFE833065AE /* arabica_coffee_beans_portrait.png */ = {isa = PBXFileReference; name = "arabica_coffee_beans_portrait.png"; path = "../src/assets/coffee_assets/arabica_coffee_beans/arabica_coffee_beans_portrait.png"; sourceTree = "<group>"; fileEncoding = undefined; lastKnownFileType = unknown; explicitFileType = undefined; includeInIndex = 0; };
		95F227E769E24AC7AB2EDB40 /* arabica_coffee_beans_square.png */ = {isa = PBXFileReference; name = "arabica_coffee_beans_square.png"; path = "../src/assets/coffee_assets/arabica_coffee_beans/arabica_coffee_beans_square.png"; sourceTree = "<group>"; fileEncoding = undefined; lastKnownFileType = unknown; explicitFileType = undefined; includeInIndex = 0; };
		FD8E700200D142D8B97CCEEF /* black_coffee_pic_1_portrait.png */ = {isa = PBXFileReference; name = "black_coffee_pic_1_portrait.png"; path = "../src/assets/coffee_assets/black_coffee/portrait/black_coffee_pic_1_portrait.png"; sourceTree = "<group>"; fileEncoding = undefined; lastKnownFileType = unknown; explicitFileType = undefined; includeInIndex = 0; };
		7245A187A3B4413F94E52131 /* black_coffee_pic_2_portrait.png */ = {isa = PBXFileReference; name = "black_coffee_pic_2_portrait.png"; path = "../src/assets/coffee_assets/black_coffee/portrait/black_coffee_pic_2_portrait.png"; sourceTree = "<group>"; fileEncoding = undefined; lastKnownFileType = unknown; explicitFileType = undefined; includeInIndex = 0; };
		04B2F8E6B1F0476A8A9E38C7 /* black_coffee_pic_3_portrait.png */ = {isa = PBXFileReference; name = "black_coffee_pic_3_portrait.png"; path = "../src/assets/coffee_assets/black_coffee/portrait/black_coffee_pic_3_portrait.png"; sourceTree = "<group>"; fileEncoding = undefined; lastKnownFileType = unknown; explicitFileType = undefined; includeInIndex = 0; };
		993248583B8445F6B0F2462A /* black_coffee_pic_1_square.png */ = {isa = PBXFileReference; name = "black_coffee_pic_1_square.png"; path = "../src/assets/coffee_assets/black_coffee/square/black_coffee_pic_1_square.png"; sourceTree = "<group>"; fileEncoding = undefined; lastKnownFileType = unknown; explicitFileType = undefined; includeInIndex = 0; };
		9CFD6DED7A1E43D4AE0ED855 /* black_coffee_pic_2_square.png */ = {isa = PBXFileReference; name = "black_coffee_pic_2_square.png"; path = "../src/assets/coffee_assets/black_coffee/square/black_coffee_pic_2_square.png"; sourceTree = "<group>"; fileEncoding = undefined; lastKnownFileType = unknown; explicitFileType = undefined; includeInIndex = 0; };
		8C2E8DD2DBF14425832AD47D /* black_coffee_pic_3_square.png */ = {isa = PBXFileReference; name = "black_coffee_pic_3_square.png"; path = "../src/assets/coffee_assets/black_coffee/square/black_coffee_pic_3_square.png"; sourceTree = "<group>"; fileEncoding = undefined; lastKnownFileType = unknown; explicitFileType = undefined; includeInIndex = 0; };
		18AE818C73C04F24B0883C9D /* cappuccino_pic_1_portrait.png */ = {isa = PBXFileReference; name = "cappuccino_pic_1_portrait.png"; path = "../src/assets/coffee_assets/cappuccino/portrait/cappuccino_pic_1_portrait.png"; sourceTree = "<group>"; fileEncoding = undefined; lastKnownFileType = unknown; explicitFileType = undefined; includeInIndex = 0; };
		48EB44F9F0824DD7BCE7836D /* cappuccino_pic_2_portrait.png */ = {isa = PBXFileReference; name = "cappuccino_pic_2_portrait.png"; path = "../src/assets/coffee_assets/cappuccino/portrait/cappuccino_pic_2_portrait.png"; sourceTree = "<group>"; fileEncoding = undefined; lastKnownFileType = unknown; explicitFileType = undefined; includeInIndex = 0; };
		966240D5A4304EF4BC058C4F /* cappuccino_pic_3_portrait.png */ = {isa = PBXFileReference; name = "cappuccino_pic_3_portrait.png"; path = "../src/assets/coffee_assets/cappuccino/portrait/cappuccino_pic_3_portrait.png"; sourceTree = "<group>"; fileEncoding = undefined; lastKnownFileType = unknown; explicitFileType = undefined; includeInIndex = 0; };
		30954668DC424E34BE6C4032 /* cappuccino_pic_1_square.png */ = {isa = PBXFileReference; name = "cappuccino_pic_1_square.png"; path = "../src/assets/coffee_assets/cappuccino/square/cappuccino_pic_1_square.png"; sourceTree = "<group>"; fileEncoding = undefined; lastKnownFileType = unknown; explicitFileType = undefined; includeInIndex = 0; };
		6A6406CED527434B99AD2AEF /* cappuccino_pic_2_square.png */ = {isa = PBXFileReference; name = "cappuccino_pic_2_square.png"; path = "../src/assets/coffee_assets/cappuccino/square/cappuccino_pic_2_square.png"; sourceTree = "<group>"; fileEncoding = undefined; lastKnownFileType = unknown; explicitFileType = undefined; includeInIndex = 0; };
		B65E7BB79C984A3698CEBD61 /* cappuccino_pic_3_square.png */ = {isa = PBXFileReference; name = "cappuccino_pic_3_square.png"; path = "../src/assets/coffee_assets/cappuccino/square/cappuccino_pic_3_square.png"; sourceTree = "<group>"; fileEncoding = undefined; lastKnownFileType = unknown; explicitFileType = undefined; includeInIndex = 0; };
		C592969BAA6D4FD58780105A /* espresso_pic_1_portrait.png */ = {isa = PBXFileReference; name = "espresso_pic_1_portrait.png"; path = "../src/assets/coffee_assets/espresso/portrait/espresso_pic_1_portrait.png"; sourceTree = "<group>"; fileEncoding = undefined; lastKnownFileType = unknown; explicitFileType = undefined; includeInIndex = 0; };
		9C0183CF95B44BBFB82C0B28 /* espresso_pic_2_portrait.png */ = {isa = PBXFileReference; name = "espresso_pic_2_portrait.png"; path = "../src/assets/coffee_assets/espresso/portrait/espresso_pic_2_portrait.png"; sourceTree = "<group>"; fileEncoding = undefined; lastKnownFileType = unknown; explicitFileType = undefined; includeInIndex = 0; };
		44B66FEF1AA64688818B3F52 /* espresso_pic_3_portrait.png */ = {isa = PBXFileReference; name = "espresso_pic_3_portrait.png"; path = "../src/assets/coffee_assets/espresso/portrait/espresso_pic_3_portrait.png"; sourceTree = "<group>"; fileEncoding = undefined; lastKnownFileType = unknown; explicitFileType = undefined; includeInIndex = 0; };
		E8EDAC20BCA64533ADE8C355 /* espresso_pic_1_square.png */ = {isa = PBXFileReference; name = "espresso_pic_1_square.png"; path = "../src/assets/coffee_assets/espresso/square/espresso_pic_1_square.png"; sourceTree = "<group>"; fileEncoding = undefined; lastKnownFileType = unknown; explicitFileType = undefined; includeInIndex = 0; };
		5459072149424DF9A575F174 /* espresso_pic_2_square.png */ = {isa = PBXFileReference; name = "espresso_pic_2_square.png"; path = "../src/assets/coffee_assets/espresso/square/espresso_pic_2_square.png"; sourceTree = "<group>"; fileEncoding = undefined; lastKnownFileType = unknown; explicitFileType = undefined; includeInIndex = 0; };
		621EF03F2D434BB284F6A5C2 /* espresso_pic_3_square.png */ = {isa = PBXFileReference; name = "espresso_pic_3_square.png"; path = "../src/assets/coffee_assets/espresso/square/espresso_pic_3_square.png"; sourceTree = "<group>"; fileEncoding = undefined; lastKnownFileType = unknown; explicitFileType = undefined; includeInIndex = 0; };
		362CC27ED87D492280CE5FAB /* excelsa_coffee_beans_portrait.png */ = {isa = PBXFileReference; name = "excelsa_coffee_beans_portrait.png"; path = "../src/assets/coffee_assets/excelsa_coffee_beans/excelsa_coffee_beans_portrait.png"; sourceTree = "<group>"; fileEncoding = undefined; lastKnownFileType = unknown; explicitFileType = undefined; includeInIndex = 0; };
		27F1A5B403074C98859598CD /* excelsa_coffee_beans_square.png */ = {isa = PBXFileReference; name = "excelsa_coffee_beans_square.png"; path = "../src/assets/coffee_assets/excelsa_coffee_beans/excelsa_coffee_beans_square.png"; sourceTree = "<group>"; fileEncoding = undefined; lastKnownFileType = unknown; explicitFileType = undefined; includeInIndex = 0; };
		066C6E828E0447D8846012E1 /* latte_pic_1_portrait.png */ = {isa = PBXFileReference; name = "latte_pic_1_portrait.png"; path = "../src/assets/coffee_assets/latte/portrait/latte_pic_1_portrait.png"; sourceTree = "<group>"; fileEncoding = undefined; lastKnownFileType = unknown; explicitFileType = undefined; includeInIndex = 0; };
		E10C3E0C31094388A5D553D1 /* latte_pic_2_portrait.png */ = {isa = PBXFileReference; name = "latte_pic_2_portrait.png"; path = "../src/assets/coffee_assets/latte/portrait/latte_pic_2_portrait.png"; sourceTree = "<group>"; fileEncoding = undefined; lastKnownFileType = unknown; explicitFileType = undefined; includeInIndex = 0; };
		E5EE800664FC4A7A80E3F33D /* latte_pic_3_portrait.png */ = {isa = PBXFileReference; name = "latte_pic_3_portrait.png"; path = "../src/assets/coffee_assets/latte/portrait/latte_pic_3_portrait.png"; sourceTree = "<group>"; fileEncoding = undefined; lastKnownFileType = unknown; explicitFileType = undefined; includeInIndex = 0; };
		62F08ADE957F4A4896551207 /* latte_pic_1_square.png */ = {isa = PBXFileReference; name = "latte_pic_1_square.png"; path = "../src/assets/coffee_assets/latte/square/latte_pic_1_square.png"; sourceTree = "<group>"; fileEncoding = undefined; lastKnownFileType = unknown; explicitFileType = undefined; includeInIndex = 0; };
		DBF302A20A5F418CBA61058B /* latte_pic_2_square.png */ = {isa = PBXFileReference; name = "latte_pic_2_square.png"; path = "../src/assets/coffee_assets/latte/square/latte_pic_2_square.png"; sourceTree = "<group>"; fileEncoding = undefined; lastKnownFileType = unknown; explicitFileType = undefined; includeInIndex = 0; };
		EC688EC6CD5542C88D6AB2CA /* latte_pic_3_square.png */ = {isa = PBXFileReference; name = "latte_pic_3_square.png"; path = "../src/assets/coffee_assets/latte/square/latte_pic_3_square.png"; sourceTree = "<group>"; fileEncoding = undefined; lastKnownFileType = unknown; explicitFileType = undefined; includeInIndex = 0; };
		D11BE26D38B840D3B9A5C07E /* liberica_coffee_beans_portrait.png */ = {isa = PBXFileReference; name = "liberica_coffee_beans_portrait.png"; path = "../src/assets/coffee_assets/liberica_coffee_beans/liberica_coffee_beans_portrait.png"; sourceTree = "<group>"; fileEncoding = undefined; lastKnownFileType = unknown; explicitFileType = undefined; includeInIndex = 0; };
		60CCCEC625684D0E9C4038F4 /* liberica_coffee_beans_square.png */ = {isa = PBXFileReference; name = "liberica_coffee_beans_square.png"; path = "../src/assets/coffee_assets/liberica_coffee_beans/liberica_coffee_beans_square.png"; sourceTree = "<group>"; fileEncoding = undefined; lastKnownFileType = unknown; explicitFileType = undefined; includeInIndex = 0; };
		1D551D427C264CCC8F57BDA7 /* macchiato_pic_1_portrait.png */ = {isa = PBXFileReference; name = "macchiato_pic_1_portrait.png"; path = "../src/assets/coffee_assets/macchiato/portrait/macchiato_pic_1_portrait.png"; sourceTree = "<group>"; fileEncoding = undefined; lastKnownFileType = unknown; explicitFileType = undefined; includeInIndex = 0; };
		8B5CDCC2EBE441DC85504CC0 /* macchiato_pic_2_portrait.png */ = {isa = PBXFileReference; name = "macchiato_pic_2_portrait.png"; path = "../src/assets/coffee_assets/macchiato/portrait/macchiato_pic_2_portrait.png"; sourceTree = "<group>"; fileEncoding = undefined; lastKnownFileType = unknown; explicitFileType = undefined; includeInIndex = 0; };
		F677E770556A42E69C072265 /* macchiato_pic_3_portrait.png */ = {isa = PBXFileReference; name = "macchiato_pic_3_portrait.png"; path = "../src/assets/coffee_assets/macchiato/portrait/macchiato_pic_3_portrait.png"; sourceTree = "<group>"; fileEncoding = undefined; lastKnownFileType = unknown; explicitFileType = undefined; includeInIndex = 0; };
		97C81EEC6AF0478C92C06131 /* macchiato_pic_1_square.png */ = {isa = PBXFileReference; name = "macchiato_pic_1_square.png"; path = "../src/assets/coffee_assets/macchiato/square/macchiato_pic_1_square.png"; sourceTree = "<group>"; fileEncoding = undefined; lastKnownFileType = unknown; explicitFileType = undefined; includeInIndex = 0; };
		0CABF549AF234E2086206424 /* macchiato_pic_2_square.png */ = {isa = PBXFileReference; name = "macchiato_pic_2_square.png"; path = "../src/assets/coffee_assets/macchiato/square/macchiato_pic_2_square.png"; sourceTree = "<group>"; fileEncoding = undefined; lastKnownFileType = unknown; explicitFileType = undefined; includeInIndex = 0; };
		F89AADAED58C4B459AA30AF6 /* macchiato_pic_3_square.png */ = {isa = PBXFileReference; name = "macchiato_pic_3_square.png"; path = "../src/assets/coffee_assets/macchiato/square/macchiato_pic_3_square.png"; sourceTree = "<group>"; fileEncoding = undefined; lastKnownFileType = unknown; explicitFileType = undefined; includeInIndex = 0; };
		AF3EB850359B467699ED6D1B /* robusta_coffee_beans_portrait.png */ = {isa = PBXFileReference; name = "robusta_coffee_beans_portrait.png"; path = "../src/assets/coffee_assets/robusta_coffee_beans/robusta_coffee_beans_portrait.png"; sourceTree = "<group>"; fileEncoding = undefined; lastKnownFileType = unknown; explicitFileType = undefined; includeInIndex = 0; };
		7CF4175776034AB6AA3FCC24 /* robusta_coffee_beans_square.png */ = {isa = PBXFileReference; name = "robusta_coffee_beans_square.png"; path = "../src/assets/coffee_assets/robusta_coffee_beans/robusta_coffee_beans_square.png"; sourceTree = "<group>"; fileEncoding = undefined; lastKnownFileType = unknown; explicitFileType = undefined; includeInIndex = 0; };
		0475076829244A919BEBEC50 /* default_post.png */ = {isa = PBXFileReference; name = "default_post.png"; path = "../src/assets/app_images/default_post.png"; sourceTree = "<group>"; fileEncoding = undefined; lastKnownFileType = unknown; explicitFileType = undefined; includeInIndex = 0; };
		0FDD54ECDD124FB9B09CFE0C /* surprised.png */ = {isa = PBXFileReference; name = "surprised.png"; path = "../src/assets/app_images/surprised.png"; sourceTree = "<group>"; fileEncoding = undefined; lastKnownFileType = unknown; explicitFileType = undefined; includeInIndex = 0; };
		3073C16DD7F2466DBB05424B /* windows.svg */ = {isa = PBXFileReference; name = "windows.svg"; path = "../src/assets/app_images/windows.svg"; sourceTree = "<group>"; fileEncoding = undefined; lastKnownFileType = unknown; explicitFileType = undefined; includeInIndex = 0; };
		8FA3496B273B4C328E59A10B /* globalStyles.js */ = {isa = PBXFileReference; name = "globalStyles.js"; path = "../src/assets/styles/globalStyles.js"; sourceTree = "<group>"; fileEncoding = undefined; lastKnownFileType = unknown; explicitFileType = undefined; includeInIndex = 0; };
		1E1CFECEAA7B422F92716472 /* BootSplash.storyboard */ = {isa = PBXFileReference; name = "BootSplash.storyboard"; path = "C:/Users/Paschal/Documents/REACT-NATIVE-PROJECTS/Coffee_Shop_App/ios/Coffee_Shop_App/BootSplash.storyboard"; sourceTree = "<group>"; fileEncoding = undefined; lastKnownFileType = unknown; explicitFileType = undefined; includeInIndex = 0; };
		DABA2A8B2132436F919650CF /* launch_screen.png */ = {isa = PBXFileReference; name = "launch_screen.png"; path = "../src/assets/launch_screen.png"; sourceTree = "<group>"; fileEncoding = undefined; lastKnownFileType = unknown; explicitFileType = undefined; includeInIndex = 0; };
/* End PBXFileReference section */

/* Begin PBXFrameworksBuildPhase section */
		00E356EB1AD99517003FC87E /* Frameworks */ = {
			isa = PBXFrameworksBuildPhase;
			buildActionMask = 2147483647;
			files = (
				7699B88040F8A987B510C191 /* libPods-Coffee_Shop_App-Coffee_Shop_AppTests.a in Frameworks */,
			);
			runOnlyForDeploymentPostprocessing = 0;
		};
		13B07F8C1A680F5B00A75B9A /* Frameworks */ = {
			isa = PBXFrameworksBuildPhase;
			buildActionMask = 2147483647;
			files = (
				0C80B921A6F3F58F76C31292 /* libPods-Coffee_Shop_App.a in Frameworks */,
			);
			runOnlyForDeploymentPostprocessing = 0;
		};
/* End PBXFrameworksBuildPhase section */

/* Begin PBXGroup section */
		00E356EF1AD99517003FC87E /* Coffee_Shop_AppTests */ = {
			isa = PBXGroup;
			children = (
				00E356F21AD99517003FC87E /* Coffee_Shop_AppTests.m */,
				00E356F01AD99517003FC87E /* Supporting Files */,
			);
			path = Coffee_Shop_AppTests;
			sourceTree = "<group>";
		};
		00E356F01AD99517003FC87E /* Supporting Files */ = {
			isa = PBXGroup;
			children = (
				00E356F11AD99517003FC87E /* Info.plist */,
			);
			name = "Supporting Files";
			sourceTree = "<group>";
		};
		13B07FAE1A68108700A75B9A /* Coffee_Shop_App */ = {
			isa = PBXGroup;
			children = (
				13B07FAF1A68108700A75B9A /* AppDelegate.h */,
				13B07FB01A68108700A75B9A /* AppDelegate.mm */,
				13B07FB51A68108700A75B9A /* Images.xcassets */,
				13B07FB61A68108700A75B9A /* Info.plist */,
				81AB9BB72411601600AC10FF /* LaunchScreen.storyboard */,
				13B07FB71A68108700A75B9A /* main.m */,
				1E1CFECEAA7B422F92716472 /* BootSplash.storyboard */,
			);
			name = Coffee_Shop_App;
			sourceTree = "<group>";
		};
		2D16E6871FA4F8E400B85C8A /* Frameworks */ = {
			isa = PBXGroup;
			children = (
				ED297162215061F000B7C4FE /* JavaScriptCore.framework */,
				5DCACB8F33CDC322A6C60F78 /* libPods-Coffee_Shop_App.a */,
				19F6CBCC0A4E27FBF8BF4A61 /* libPods-Coffee_Shop_App-Coffee_Shop_AppTests.a */,
			);
			name = Frameworks;
			sourceTree = "<group>";
		};
		832341AE1AAA6A7D00B99B32 /* Libraries */ = {
			isa = PBXGroup;
			children = (
			);
			name = Libraries;
			sourceTree = "<group>";
		};
		83CBB9F61A601CBA00E9B192 = {
			isa = PBXGroup;
			children = (
				13B07FAE1A68108700A75B9A /* Coffee_Shop_App */,
				832341AE1AAA6A7D00B99B32 /* Libraries */,
				00E356EF1AD99517003FC87E /* Coffee_Shop_AppTests */,
				83CBBA001A601CBA00E9B192 /* Products */,
				2D16E6871FA4F8E400B85C8A /* Frameworks */,
				BBD78D7AC51CEA395F1C20DB /* Pods */,
				954EDCF11555457B8456860E /* Resources */,
			);
			indentWidth = 2;
			sourceTree = "<group>";
			tabWidth = 2;
			usesTabs = 0;
		};
		83CBBA001A601CBA00E9B192 /* Products */ = {
			isa = PBXGroup;
			children = (
				13B07F961A680F5B00A75B9A /* Coffee_Shop_App.app */,
				00E356EE1AD99517003FC87E /* Coffee_Shop_AppTests.xctest */,
			);
			name = Products;
			sourceTree = "<group>";
		};
		BBD78D7AC51CEA395F1C20DB /* Pods */ = {
			isa = PBXGroup;
			children = (
				3B4392A12AC88292D35C810B /* Pods-Coffee_Shop_App.debug.xcconfig */,
				5709B34CF0A7D63546082F79 /* Pods-Coffee_Shop_App.release.xcconfig */,
				5B7EB9410499542E8C5724F5 /* Pods-Coffee_Shop_App-Coffee_Shop_AppTests.debug.xcconfig */,
				89C6BE57DB24E9ADA2F236DE /* Pods-Coffee_Shop_App-Coffee_Shop_AppTests.release.xcconfig */,
			);
			path = Pods;
			sourceTree = "<group>";
		};
		954EDCF11555457B8456860E /* Resources */ = {
			isa = "PBXGroup";
			children = (
				C94E86DFAE8B4F798C8BA43C /* app_icons.ttf */,
				C6337E1E4AB34DB98F35AA4A /* Poppins-Black.ttf */,
				9A7E006E6A174F608EF2F028 /* Poppins-Bold.ttf */,
				A78E911F449C42498B086161 /* Poppins-ExtraBold.ttf */,
				DC3FA5867ECC418AA90C68F0 /* Poppins-ExtraLight.ttf */,
				79C3299574834047998F5DCF /* Poppins-Light.ttf */,
				B7107DAA45184F8C9B820A80 /* Poppins-Medium.ttf */,
				F1FBAD6C263042AEBD0EAA36 /* Poppins-Regular.ttf */,
				2495685236684607B8AB8D92 /* Poppins-SemiBold.ttf */,
				5B61F984385B44CE966A0B74 /* Poppins-Thin.ttf */,
				3142222C02CC4EA6962C2289 /* amazonpay.png */,
				295B0A9CA94E4A74B165FD59 /* applepay.png */,
				CAC0E19C02D6479C8FEAC137 /* avatar.png */,
				09BDD3A263AE419F898814C3 /* gpay.png */,
				A0B9CA2377104F91AB68334C /* americano_pic_1_portrait.png */,
				CC00A1C5385440D593257F0B /* americano_pic_2_portrait.png */,
				2AEF5AC0229E4447AB33C2C7 /* americano_pic_3_portrait.png */,
				B5A21A41C1164759AFB640BD /* americano_pic_1_square.png */,
				EBE2A464F3B742838AE7F938 /* americano_pic_2_square.png */,
				01B11CFC9BB44B13B6EAF347 /* americano_pic_3_square.png */,
				28D0CFCCC55A4DFE833065AE /* arabica_coffee_beans_portrait.png */,
				95F227E769E24AC7AB2EDB40 /* arabica_coffee_beans_square.png */,
				FD8E700200D142D8B97CCEEF /* black_coffee_pic_1_portrait.png */,
				7245A187A3B4413F94E52131 /* black_coffee_pic_2_portrait.png */,
				04B2F8E6B1F0476A8A9E38C7 /* black_coffee_pic_3_portrait.png */,
				993248583B8445F6B0F2462A /* black_coffee_pic_1_square.png */,
				9CFD6DED7A1E43D4AE0ED855 /* black_coffee_pic_2_square.png */,
				8C2E8DD2DBF14425832AD47D /* black_coffee_pic_3_square.png */,
				18AE818C73C04F24B0883C9D /* cappuccino_pic_1_portrait.png */,
				48EB44F9F0824DD7BCE7836D /* cappuccino_pic_2_portrait.png */,
				966240D5A4304EF4BC058C4F /* cappuccino_pic_3_portrait.png */,
				30954668DC424E34BE6C4032 /* cappuccino_pic_1_square.png */,
				6A6406CED527434B99AD2AEF /* cappuccino_pic_2_square.png */,
				B65E7BB79C984A3698CEBD61 /* cappuccino_pic_3_square.png */,
				C592969BAA6D4FD58780105A /* espresso_pic_1_portrait.png */,
				9C0183CF95B44BBFB82C0B28 /* espresso_pic_2_portrait.png */,
				44B66FEF1AA64688818B3F52 /* espresso_pic_3_portrait.png */,
				E8EDAC20BCA64533ADE8C355 /* espresso_pic_1_square.png */,
				5459072149424DF9A575F174 /* espresso_pic_2_square.png */,
				621EF03F2D434BB284F6A5C2 /* espresso_pic_3_square.png */,
				362CC27ED87D492280CE5FAB /* excelsa_coffee_beans_portrait.png */,
				27F1A5B403074C98859598CD /* excelsa_coffee_beans_square.png */,
				066C6E828E0447D8846012E1 /* latte_pic_1_portrait.png */,
				E10C3E0C31094388A5D553D1 /* latte_pic_2_portrait.png */,
				E5EE800664FC4A7A80E3F33D /* latte_pic_3_portrait.png */,
				62F08ADE957F4A4896551207 /* latte_pic_1_square.png */,
				DBF302A20A5F418CBA61058B /* latte_pic_2_square.png */,
				EC688EC6CD5542C88D6AB2CA /* latte_pic_3_square.png */,
				D11BE26D38B840D3B9A5C07E /* liberica_coffee_beans_portrait.png */,
				60CCCEC625684D0E9C4038F4 /* liberica_coffee_beans_square.png */,
				1D551D427C264CCC8F57BDA7 /* macchiato_pic_1_portrait.png */,
				8B5CDCC2EBE441DC85504CC0 /* macchiato_pic_2_portrait.png */,
				F677E770556A42E69C072265 /* macchiato_pic_3_portrait.png */,
				97C81EEC6AF0478C92C06131 /* macchiato_pic_1_square.png */,
				0CABF549AF234E2086206424 /* macchiato_pic_2_square.png */,
				F89AADAED58C4B459AA30AF6 /* macchiato_pic_3_square.png */,
				AF3EB850359B467699ED6D1B /* robusta_coffee_beans_portrait.png */,
				7CF4175776034AB6AA3FCC24 /* robusta_coffee_beans_square.png */,
				0475076829244A919BEBEC50 /* default_post.png */,
				0FDD54ECDD124FB9B09CFE0C /* surprised.png */,
				3073C16DD7F2466DBB05424B /* windows.svg */,
				8FA3496B273B4C328E59A10B /* globalStyles.js */,
				DABA2A8B2132436F919650CF /* launch_screen.png */,
			);
			name = Resources;
			sourceTree = "<group>";
			path = "";
		};
/* End PBXGroup section */

/* Begin PBXNativeTarget section */
		00E356ED1AD99517003FC87E /* Coffee_Shop_AppTests */ = {
			isa = PBXNativeTarget;
			buildConfigurationList = 00E357021AD99517003FC87E /* Build configuration list for PBXNativeTarget "Coffee_Shop_AppTests" */;
			buildPhases = (
				A55EABD7B0C7F3A422A6CC61 /* [CP] Check Pods Manifest.lock */,
				00E356EA1AD99517003FC87E /* Sources */,
				00E356EB1AD99517003FC87E /* Frameworks */,
				00E356EC1AD99517003FC87E /* Resources */,
				C59DA0FBD6956966B86A3779 /* [CP] Embed Pods Frameworks */,
				F6A41C54EA430FDDC6A6ED99 /* [CP] Copy Pods Resources */,
			);
			buildRules = (
			);
			dependencies = (
				00E356F51AD99517003FC87E /* PBXTargetDependency */,
			);
			name = Coffee_Shop_AppTests;
			productName = Coffee_Shop_AppTests;
			productReference = 00E356EE1AD99517003FC87E /* Coffee_Shop_AppTests.xctest */;
			productType = "com.apple.product-type.bundle.unit-test";
		};
		13B07F861A680F5B00A75B9A /* Coffee_Shop_App */ = {
			isa = PBXNativeTarget;
			buildConfigurationList = 13B07F931A680F5B00A75B9A /* Build configuration list for PBXNativeTarget "Coffee_Shop_App" */;
			buildPhases = (
				C38B50BA6285516D6DCD4F65 /* [CP] Check Pods Manifest.lock */,
				13B07F871A680F5B00A75B9A /* Sources */,
				13B07F8C1A680F5B00A75B9A /* Frameworks */,
				13B07F8E1A680F5B00A75B9A /* Resources */,
				00DD1BFF1BD5951E006B06BC /* Bundle React Native code and images */,
				00EEFC60759A1932668264C0 /* [CP] Embed Pods Frameworks */,
				E235C05ADACE081382539298 /* [CP] Copy Pods Resources */,
			);
			buildRules = (
			);
			dependencies = (
			);
			name = Coffee_Shop_App;
			productName = Coffee_Shop_App;
			productReference = 13B07F961A680F5B00A75B9A /* Coffee_Shop_App.app */;
			productType = "com.apple.product-type.application";
		};
/* End PBXNativeTarget section */

/* Begin PBXProject section */
		83CBB9F71A601CBA00E9B192 /* Project object */ = {
			isa = PBXProject;
			attributes = {
				LastUpgradeCheck = 1210;
				TargetAttributes = {
					00E356ED1AD99517003FC87E = {
						CreatedOnToolsVersion = 6.2;
						TestTargetID = 13B07F861A680F5B00A75B9A;
					};
					13B07F861A680F5B00A75B9A = {
						LastSwiftMigration = 1120;
					};
				};
			};
			buildConfigurationList = 83CBB9FA1A601CBA00E9B192 /* Build configuration list for PBXProject "Coffee_Shop_App" */;
			compatibilityVersion = "Xcode 12.0";
			developmentRegion = en;
			hasScannedForEncodings = 0;
			knownRegions = (
				en,
				Base,
			);
			mainGroup = 83CBB9F61A601CBA00E9B192;
			productRefGroup = 83CBBA001A601CBA00E9B192 /* Products */;
			projectDirPath = "";
			projectRoot = "";
			targets = (
				13B07F861A680F5B00A75B9A /* Coffee_Shop_App */,
				00E356ED1AD99517003FC87E /* Coffee_Shop_AppTests */,
			);
		};
/* End PBXProject section */

/* Begin PBXResourcesBuildPhase section */
		00E356EC1AD99517003FC87E /* Resources */ = {
			isa = PBXResourcesBuildPhase;
			buildActionMask = 2147483647;
			files = (
			);
			runOnlyForDeploymentPostprocessing = 0;
		};
		13B07F8E1A680F5B00A75B9A /* Resources */ = {
			isa = PBXResourcesBuildPhase;
			buildActionMask = 2147483647;
			files = (
				81AB9BB82411601600AC10FF /* LaunchScreen.storyboard in Resources */,
				13B07FBF1A68108700A75B9A /* Images.xcassets in Resources */,
				273AADF0093E4031A9A4132E /* app_icons.ttf in Resources */,
				933164E5855C436DB1232486 /* Poppins-Black.ttf in Resources */,
				C28A0B7512FB490AA902FC26 /* Poppins-Bold.ttf in Resources */,
				036BF0FF3D0A40409CE72668 /* Poppins-ExtraBold.ttf in Resources */,
				8CB80193B1DC49869C729D8E /* Poppins-ExtraLight.ttf in Resources */,
				4FEAF2F4CC16482DAC63B044 /* Poppins-Light.ttf in Resources */,
				B88EEE22BE024B08A85940B5 /* Poppins-Medium.ttf in Resources */,
				AB2D09D782A54CC0A8814CA9 /* Poppins-Regular.ttf in Resources */,
				AAC1A7E6456249D49CB329C6 /* Poppins-SemiBold.ttf in Resources */,
				2CB4A889D67F4C9DACD70267 /* Poppins-Thin.ttf in Resources */,
				60B9E70F86EC4B4B83E81B7B /* amazonpay.png in Resources */,
				282EC49146B9495D9450DFE6 /* applepay.png in Resources */,
				07140FCC7FBE4EE588539220 /* avatar.png in Resources */,
				273086E596D0466C88092E53 /* gpay.png in Resources */,
				B194BB10950E4B9F897E97C9 /* americano_pic_1_portrait.png in Resources */,
				A0D00F9B0E1E4BBC886DECD7 /* americano_pic_2_portrait.png in Resources */,
				6C76A6ECE24349AE9258F4DB /* americano_pic_3_portrait.png in Resources */,
				9E09C92EBF144877891C8C05 /* americano_pic_1_square.png in Resources */,
				0442CB7F718548ECB9E087AE /* americano_pic_2_square.png in Resources */,
				7D4621F57ADD4EB4BCFDD1F3 /* americano_pic_3_square.png in Resources */,
				6FBE49C6FEA24D9A909A40D7 /* arabica_coffee_beans_portrait.png in Resources */,
				E3ADFF5FD4D74FB8883C7EDA /* arabica_coffee_beans_square.png in Resources */,
				6EE5D5BE129F47A1B9CCEF39 /* black_coffee_pic_1_portrait.png in Resources */,
				B1FDD6F1F2B141A18F4E819C /* black_coffee_pic_2_portrait.png in Resources */,
				64DCD8108F414DEBA0ED1B96 /* black_coffee_pic_3_portrait.png in Resources */,
				24A4924BF47F4BD6B2465BAD /* black_coffee_pic_1_square.png in Resources */,
				59F28F210BE645769654A5B1 /* black_coffee_pic_2_square.png in Resources */,
				3064352EF1AC4F84AC67824E /* black_coffee_pic_3_square.png in Resources */,
				14E1333DAF98423BB74AC494 /* cappuccino_pic_1_portrait.png in Resources */,
				5F39CD7E90354DC4B59D8846 /* cappuccino_pic_2_portrait.png in Resources */,
				4E56EA6911A744E8B676838B /* cappuccino_pic_3_portrait.png in Resources */,
				DD6EA5BF334D4EECB41ECD93 /* cappuccino_pic_1_square.png in Resources */,
				2AFD513F3666470380D37B5F /* cappuccino_pic_2_square.png in Resources */,
				FCD78447E2EA4902A3A73651 /* cappuccino_pic_3_square.png in Resources */,
				8C01A3EF5D0043F88E620A8D /* espresso_pic_1_portrait.png in Resources */,
				B642263DC5094BC2BE6DF787 /* espresso_pic_2_portrait.png in Resources */,
				D95408F83B404BF8B4168950 /* espresso_pic_3_portrait.png in Resources */,
				607EC8AF8A624A2B975E92A9 /* espresso_pic_1_square.png in Resources */,
				CC11194A55EB4B67A02FA910 /* espresso_pic_2_square.png in Resources */,
				8B651CFE2D984A3BBAA506A9 /* espresso_pic_3_square.png in Resources */,
				5468C78D2A5842F5922156FA /* excelsa_coffee_beans_portrait.png in Resources */,
				7B2425ADDFC0452C9F9CD4E6 /* excelsa_coffee_beans_square.png in Resources */,
				5DB5E902008A4876ACC41D78 /* latte_pic_1_portrait.png in Resources */,
				ED3C0535E1A0429EB218FE62 /* latte_pic_2_portrait.png in Resources */,
				07583BCE51D24D2C9842663B /* latte_pic_3_portrait.png in Resources */,
				5AA344E6A7614DAD8C026D8C /* latte_pic_1_square.png in Resources */,
				5463E14FE5A045D1ACE45051 /* latte_pic_2_square.png in Resources */,
				53939474BFDB4EB2AC3AA816 /* latte_pic_3_square.png in Resources */,
				5C53ED3073E84152B338E3DA /* liberica_coffee_beans_portrait.png in Resources */,
				E2DFEAA73963462B892EBDA4 /* liberica_coffee_beans_square.png in Resources */,
				10709DF0DB5C4F4AA411D06B /* macchiato_pic_1_portrait.png in Resources */,
				021DD2CF00604C9CA42B3F69 /* macchiato_pic_2_portrait.png in Resources */,
				942D986B34274ACBBC042CF3 /* macchiato_pic_3_portrait.png in Resources */,
				A2FEC90F802747838BE7B062 /* macchiato_pic_1_square.png in Resources */,
				27ED911D0C7040098E71E5AF /* macchiato_pic_2_square.png in Resources */,
				4F3A4BE3BC194F91820CF5FF /* macchiato_pic_3_square.png in Resources */,
				6EAF5715E1164C06BE2BAFE9 /* robusta_coffee_beans_portrait.png in Resources */,
				299B5E433064413B9EECD3EC /* robusta_coffee_beans_square.png in Resources */,
				8F7F333DE27448F8B5080D2C /* default_post.png in Resources */,
				0FFEA41E12C14A25BE0071AF /* surprised.png in Resources */,
				1F6D2CBCAD1D4C3E851BAD9E /* windows.svg in Resources */,
				DCE54B765C1F4F65909A2DF4 /* globalStyles.js in Resources */,
				0C7DEEC02A66401488529ECA /* BootSplash.storyboard in Resources */,
				6E7E28F76C334E80AEC36380 /* launch_screen.png in Resources */,
			);
			runOnlyForDeploymentPostprocessing = 0;
		};
/* End PBXResourcesBuildPhase section */

/* Begin PBXShellScriptBuildPhase section */
		00DD1BFF1BD5951E006B06BC /* Bundle React Native code and images */ = {
			isa = PBXShellScriptBuildPhase;
			buildActionMask = 2147483647;
			files = (
			);
			inputPaths = (
				"$(SRCROOT)/.xcode.env.local",
				"$(SRCROOT)/.xcode.env",
			);
			name = "Bundle React Native code and images";
			outputPaths = (
			);
			runOnlyForDeploymentPostprocessing = 0;
			shellPath = /bin/sh;
			shellScript = "set -e\n\nWITH_ENVIRONMENT=\"../node_modules/react-native/scripts/xcode/with-environment.sh\"\nREACT_NATIVE_XCODE=\"../node_modules/react-native/scripts/react-native-xcode.sh\"\n\n/bin/sh -c \"$WITH_ENVIRONMENT $REACT_NATIVE_XCODE\"\n";
		};
		00EEFC60759A1932668264C0 /* [CP] Embed Pods Frameworks */ = {
			isa = PBXShellScriptBuildPhase;
			buildActionMask = 2147483647;
			files = (
			);
			inputFileListPaths = (
				"${PODS_ROOT}/Target Support Files/Pods-Coffee_Shop_App/Pods-Coffee_Shop_App-frameworks-${CONFIGURATION}-input-files.xcfilelist",
			);
			name = "[CP] Embed Pods Frameworks";
			outputFileListPaths = (
				"${PODS_ROOT}/Target Support Files/Pods-Coffee_Shop_App/Pods-Coffee_Shop_App-frameworks-${CONFIGURATION}-output-files.xcfilelist",
			);
			runOnlyForDeploymentPostprocessing = 0;
			shellPath = /bin/sh;
			shellScript = "\"${PODS_ROOT}/Target Support Files/Pods-Coffee_Shop_App/Pods-Coffee_Shop_App-frameworks.sh\"\n";
			showEnvVarsInLog = 0;
		};
		A55EABD7B0C7F3A422A6CC61 /* [CP] Check Pods Manifest.lock */ = {
			isa = PBXShellScriptBuildPhase;
			buildActionMask = 2147483647;
			files = (
			);
			inputFileListPaths = (
			);
			inputPaths = (
				"${PODS_PODFILE_DIR_PATH}/Podfile.lock",
				"${PODS_ROOT}/Manifest.lock",
			);
			name = "[CP] Check Pods Manifest.lock";
			outputFileListPaths = (
			);
			outputPaths = (
				"$(DERIVED_FILE_DIR)/Pods-Coffee_Shop_App-Coffee_Shop_AppTests-checkManifestLockResult.txt",
			);
			runOnlyForDeploymentPostprocessing = 0;
			shellPath = /bin/sh;
			shellScript = "diff \"${PODS_PODFILE_DIR_PATH}/Podfile.lock\" \"${PODS_ROOT}/Manifest.lock\" > /dev/null\nif [ $? != 0 ] ; then\n    # print error to STDERR\n    echo \"error: The sandbox is not in sync with the Podfile.lock. Run 'pod install' or update your CocoaPods installation.\" >&2\n    exit 1\nfi\n# This output is used by Xcode 'outputs' to avoid re-running this script phase.\necho \"SUCCESS\" > \"${SCRIPT_OUTPUT_FILE_0}\"\n";
			showEnvVarsInLog = 0;
		};
		C38B50BA6285516D6DCD4F65 /* [CP] Check Pods Manifest.lock */ = {
			isa = PBXShellScriptBuildPhase;
			buildActionMask = 2147483647;
			files = (
			);
			inputFileListPaths = (
			);
			inputPaths = (
				"${PODS_PODFILE_DIR_PATH}/Podfile.lock",
				"${PODS_ROOT}/Manifest.lock",
			);
			name = "[CP] Check Pods Manifest.lock";
			outputFileListPaths = (
			);
			outputPaths = (
				"$(DERIVED_FILE_DIR)/Pods-Coffee_Shop_App-checkManifestLockResult.txt",
			);
			runOnlyForDeploymentPostprocessing = 0;
			shellPath = /bin/sh;
			shellScript = "diff \"${PODS_PODFILE_DIR_PATH}/Podfile.lock\" \"${PODS_ROOT}/Manifest.lock\" > /dev/null\nif [ $? != 0 ] ; then\n    # print error to STDERR\n    echo \"error: The sandbox is not in sync with the Podfile.lock. Run 'pod install' or update your CocoaPods installation.\" >&2\n    exit 1\nfi\n# This output is used by Xcode 'outputs' to avoid re-running this script phase.\necho \"SUCCESS\" > \"${SCRIPT_OUTPUT_FILE_0}\"\n";
			showEnvVarsInLog = 0;
		};
		C59DA0FBD6956966B86A3779 /* [CP] Embed Pods Frameworks */ = {
			isa = PBXShellScriptBuildPhase;
			buildActionMask = 2147483647;
			files = (
			);
			inputFileListPaths = (
				"${PODS_ROOT}/Target Support Files/Pods-Coffee_Shop_App-Coffee_Shop_AppTests/Pods-Coffee_Shop_App-Coffee_Shop_AppTests-frameworks-${CONFIGURATION}-input-files.xcfilelist",
			);
			name = "[CP] Embed Pods Frameworks";
			outputFileListPaths = (
				"${PODS_ROOT}/Target Support Files/Pods-Coffee_Shop_App-Coffee_Shop_AppTests/Pods-Coffee_Shop_App-Coffee_Shop_AppTests-frameworks-${CONFIGURATION}-output-files.xcfilelist",
			);
			runOnlyForDeploymentPostprocessing = 0;
			shellPath = /bin/sh;
			shellScript = "\"${PODS_ROOT}/Target Support Files/Pods-Coffee_Shop_App-Coffee_Shop_AppTests/Pods-Coffee_Shop_App-Coffee_Shop_AppTests-frameworks.sh\"\n";
			showEnvVarsInLog = 0;
		};
		E235C05ADACE081382539298 /* [CP] Copy Pods Resources */ = {
			isa = PBXShellScriptBuildPhase;
			buildActionMask = 2147483647;
			files = (
			);
			inputFileListPaths = (
				"${PODS_ROOT}/Target Support Files/Pods-Coffee_Shop_App/Pods-Coffee_Shop_App-resources-${CONFIGURATION}-input-files.xcfilelist",
			);
			name = "[CP] Copy Pods Resources";
			outputFileListPaths = (
				"${PODS_ROOT}/Target Support Files/Pods-Coffee_Shop_App/Pods-Coffee_Shop_App-resources-${CONFIGURATION}-output-files.xcfilelist",
			);
			runOnlyForDeploymentPostprocessing = 0;
			shellPath = /bin/sh;
			shellScript = "\"${PODS_ROOT}/Target Support Files/Pods-Coffee_Shop_App/Pods-Coffee_Shop_App-resources.sh\"\n";
			showEnvVarsInLog = 0;
		};
		F6A41C54EA430FDDC6A6ED99 /* [CP] Copy Pods Resources */ = {
			isa = PBXShellScriptBuildPhase;
			buildActionMask = 2147483647;
			files = (
			);
			inputFileListPaths = (
				"${PODS_ROOT}/Target Support Files/Pods-Coffee_Shop_App-Coffee_Shop_AppTests/Pods-Coffee_Shop_App-Coffee_Shop_AppTests-resources-${CONFIGURATION}-input-files.xcfilelist",
			);
			name = "[CP] Copy Pods Resources";
			outputFileListPaths = (
				"${PODS_ROOT}/Target Support Files/Pods-Coffee_Shop_App-Coffee_Shop_AppTests/Pods-Coffee_Shop_App-Coffee_Shop_AppTests-resources-${CONFIGURATION}-output-files.xcfilelist",
			);
			runOnlyForDeploymentPostprocessing = 0;
			shellPath = /bin/sh;
			shellScript = "\"${PODS_ROOT}/Target Support Files/Pods-Coffee_Shop_App-Coffee_Shop_AppTests/Pods-Coffee_Shop_App-Coffee_Shop_AppTests-resources.sh\"\n";
			showEnvVarsInLog = 0;
		};
/* End PBXShellScriptBuildPhase section */

/* Begin PBXSourcesBuildPhase section */
		00E356EA1AD99517003FC87E /* Sources */ = {
			isa = PBXSourcesBuildPhase;
			buildActionMask = 2147483647;
			files = (
				00E356F31AD99517003FC87E /* Coffee_Shop_AppTests.m in Sources */,
			);
			runOnlyForDeploymentPostprocessing = 0;
		};
		13B07F871A680F5B00A75B9A /* Sources */ = {
			isa = PBXSourcesBuildPhase;
			buildActionMask = 2147483647;
			files = (
				13B07FBC1A68108700A75B9A /* AppDelegate.mm in Sources */,
				13B07FC11A68108700A75B9A /* main.m in Sources */,
			);
			runOnlyForDeploymentPostprocessing = 0;
		};
/* End PBXSourcesBuildPhase section */

/* Begin PBXTargetDependency section */
		00E356F51AD99517003FC87E /* PBXTargetDependency */ = {
			isa = PBXTargetDependency;
			target = 13B07F861A680F5B00A75B9A /* Coffee_Shop_App */;
			targetProxy = 00E356F41AD99517003FC87E /* PBXContainerItemProxy */;
		};
/* End PBXTargetDependency section */

/* Begin XCBuildConfiguration section */
		00E356F61AD99517003FC87E /* Debug */ = {
			isa = XCBuildConfiguration;
			baseConfigurationReference = 5B7EB9410499542E8C5724F5 /* Pods-Coffee_Shop_App-Coffee_Shop_AppTests.debug.xcconfig */;
			buildSettings = {
				BUNDLE_LOADER = "$(TEST_HOST)";
				GCC_PREPROCESSOR_DEFINITIONS = (
					"DEBUG=1",
					"$(inherited)",
				);
				INFOPLIST_FILE = Coffee_Shop_AppTests/Info.plist;
				IPHONEOS_DEPLOYMENT_TARGET = 13.4;
				LD_RUNPATH_SEARCH_PATHS = (
					"$(inherited)",
					"@executable_path/Frameworks",
					"@loader_path/Frameworks",
				);
				OTHER_LDFLAGS = (
					"-ObjC",
					"-lc++",
					"$(inherited)",
				);
				PRODUCT_BUNDLE_IDENTIFIER = "org.reactjs.native.example.$(PRODUCT_NAME:rfc1034identifier)";
				PRODUCT_NAME = "$(TARGET_NAME)";
				TEST_HOST = "$(BUILT_PRODUCTS_DIR)/Coffee_Shop_App.app/Coffee_Shop_App";
			};
			name = Debug;
		};
		00E356F71AD99517003FC87E /* Release */ = {
			isa = XCBuildConfiguration;
			baseConfigurationReference = 89C6BE57DB24E9ADA2F236DE /* Pods-Coffee_Shop_App-Coffee_Shop_AppTests.release.xcconfig */;
			buildSettings = {
				BUNDLE_LOADER = "$(TEST_HOST)";
				COPY_PHASE_STRIP = NO;
				INFOPLIST_FILE = Coffee_Shop_AppTests/Info.plist;
				IPHONEOS_DEPLOYMENT_TARGET = 13.4;
				LD_RUNPATH_SEARCH_PATHS = (
					"$(inherited)",
					"@executable_path/Frameworks",
					"@loader_path/Frameworks",
				);
				OTHER_LDFLAGS = (
					"-ObjC",
					"-lc++",
					"$(inherited)",
				);
				PRODUCT_BUNDLE_IDENTIFIER = "org.reactjs.native.example.$(PRODUCT_NAME:rfc1034identifier)";
				PRODUCT_NAME = "$(TARGET_NAME)";
				TEST_HOST = "$(BUILT_PRODUCTS_DIR)/Coffee_Shop_App.app/Coffee_Shop_App";
			};
			name = Release;
		};
		13B07F941A680F5B00A75B9A /* Debug */ = {
			isa = XCBuildConfiguration;
			baseConfigurationReference = 3B4392A12AC88292D35C810B /* Pods-Coffee_Shop_App.debug.xcconfig */;
			buildSettings = {
				ASSETCATALOG_COMPILER_APPICON_NAME = AppIcon;
				CLANG_ENABLE_MODULES = YES;
				CURRENT_PROJECT_VERSION = 1;
				ENABLE_BITCODE = NO;
				INFOPLIST_FILE = Coffee_Shop_App/Info.plist;
				LD_RUNPATH_SEARCH_PATHS = (
					"$(inherited)",
					"@executable_path/Frameworks",
				);
				MARKETING_VERSION = 1.0;
				OTHER_LDFLAGS = (
					"$(inherited)",
					"-ObjC",
					"-lc++",
				);
				PRODUCT_BUNDLE_IDENTIFIER = "org.reactjs.native.example.$(PRODUCT_NAME:rfc1034identifier)";
				PRODUCT_NAME = Coffee_Shop_App;
				SWIFT_OPTIMIZATION_LEVEL = "-Onone";
				SWIFT_VERSION = 5.0;
				VERSIONING_SYSTEM = "apple-generic";
			};
			name = Debug;
		};
		13B07F951A680F5B00A75B9A /* Release */ = {
			isa = XCBuildConfiguration;
			baseConfigurationReference = 5709B34CF0A7D63546082F79 /* Pods-Coffee_Shop_App.release.xcconfig */;
			buildSettings = {
				ASSETCATALOG_COMPILER_APPICON_NAME = AppIcon;
				CLANG_ENABLE_MODULES = YES;
				CURRENT_PROJECT_VERSION = 1;
				INFOPLIST_FILE = Coffee_Shop_App/Info.plist;
				LD_RUNPATH_SEARCH_PATHS = (
					"$(inherited)",
					"@executable_path/Frameworks",
				);
				MARKETING_VERSION = 1.0;
				OTHER_LDFLAGS = (
					"$(inherited)",
					"-ObjC",
					"-lc++",
				);
				PRODUCT_BUNDLE_IDENTIFIER = "org.reactjs.native.example.$(PRODUCT_NAME:rfc1034identifier)";
				PRODUCT_NAME = Coffee_Shop_App;
				SWIFT_VERSION = 5.0;
				VERSIONING_SYSTEM = "apple-generic";
			};
			name = Release;
		};
		83CBBA201A601CBA00E9B192 /* Debug */ = {
			isa = XCBuildConfiguration;
			buildSettings = {
				ALWAYS_SEARCH_USER_PATHS = NO;
				CLANG_ANALYZER_LOCALIZABILITY_NONLOCALIZED = YES;
				CLANG_CXX_LANGUAGE_STANDARD = "c++20";
				CLANG_CXX_LIBRARY = "libc++";
				CLANG_ENABLE_MODULES = YES;
				CLANG_ENABLE_OBJC_ARC = YES;
				CLANG_WARN_BLOCK_CAPTURE_AUTORELEASING = YES;
				CLANG_WARN_BOOL_CONVERSION = YES;
				CLANG_WARN_COMMA = YES;
				CLANG_WARN_CONSTANT_CONVERSION = YES;
				CLANG_WARN_DEPRECATED_OBJC_IMPLEMENTATIONS = YES;
				CLANG_WARN_DIRECT_OBJC_ISA_USAGE = YES_ERROR;
				CLANG_WARN_EMPTY_BODY = YES;
				CLANG_WARN_ENUM_CONVERSION = YES;
				CLANG_WARN_INFINITE_RECURSION = YES;
				CLANG_WARN_INT_CONVERSION = YES;
				CLANG_WARN_NON_LITERAL_NULL_CONVERSION = YES;
				CLANG_WARN_OBJC_IMPLICIT_RETAIN_SELF = YES;
				CLANG_WARN_OBJC_LITERAL_CONVERSION = YES;
				CLANG_WARN_OBJC_ROOT_CLASS = YES_ERROR;
				CLANG_WARN_QUOTED_INCLUDE_IN_FRAMEWORK_HEADER = YES;
				CLANG_WARN_RANGE_LOOP_ANALYSIS = YES;
				CLANG_WARN_STRICT_PROTOTYPES = YES;
				CLANG_WARN_SUSPICIOUS_MOVE = YES;
				CLANG_WARN_UNREACHABLE_CODE = YES;
				CLANG_WARN__DUPLICATE_METHOD_MATCH = YES;
				"CODE_SIGN_IDENTITY[sdk=iphoneos*]" = "iPhone Developer";
				COPY_PHASE_STRIP = NO;
				ENABLE_STRICT_OBJC_MSGSEND = YES;
				ENABLE_TESTABILITY = YES;
				"EXCLUDED_ARCHS[sdk=iphonesimulator*]" = "";
				GCC_C_LANGUAGE_STANDARD = gnu99;
				GCC_DYNAMIC_NO_PIC = NO;
				GCC_NO_COMMON_BLOCKS = YES;
				GCC_OPTIMIZATION_LEVEL = 0;
				GCC_PREPROCESSOR_DEFINITIONS = (
					"DEBUG=1",
					"$(inherited)",
				);
				GCC_SYMBOLS_PRIVATE_EXTERN = NO;
				GCC_WARN_64_TO_32_BIT_CONVERSION = YES;
				GCC_WARN_ABOUT_RETURN_TYPE = YES_ERROR;
				GCC_WARN_UNDECLARED_SELECTOR = YES;
				GCC_WARN_UNINITIALIZED_AUTOS = YES_AGGRESSIVE;
				GCC_WARN_UNUSED_FUNCTION = YES;
				GCC_WARN_UNUSED_VARIABLE = YES;
				IPHONEOS_DEPLOYMENT_TARGET = 13.4;
				LD_RUNPATH_SEARCH_PATHS = (
					/usr/lib/swift,
					"$(inherited)",
				);
				LIBRARY_SEARCH_PATHS = (
					"\"$(SDKROOT)/usr/lib/swift\"",
					"\"$(TOOLCHAIN_DIR)/usr/lib/swift/$(PLATFORM_NAME)\"",
					"\"$(inherited)\"",
				);
				MTL_ENABLE_DEBUG_INFO = YES;
				ONLY_ACTIVE_ARCH = YES;
				OTHER_CPLUSPLUSFLAGS = (
					"$(OTHER_CFLAGS)",
					"-DFOLLY_NO_CONFIG",
					"-DFOLLY_MOBILE=1",
					"-DFOLLY_USE_LIBCPP=1",
					"-DFOLLY_CFG_NO_COROUTINES=1",
				);
				SDKROOT = iphoneos;
			};
			name = Debug;
		};
		83CBBA211A601CBA00E9B192 /* Release */ = {
			isa = XCBuildConfiguration;
			buildSettings = {
				ALWAYS_SEARCH_USER_PATHS = NO;
				CLANG_ANALYZER_LOCALIZABILITY_NONLOCALIZED = YES;
				CLANG_CXX_LANGUAGE_STANDARD = "c++20";
				CLANG_CXX_LIBRARY = "libc++";
				CLANG_ENABLE_MODULES = YES;
				CLANG_ENABLE_OBJC_ARC = YES;
				CLANG_WARN_BLOCK_CAPTURE_AUTORELEASING = YES;
				CLANG_WARN_BOOL_CONVERSION = YES;
				CLANG_WARN_COMMA = YES;
				CLANG_WARN_CONSTANT_CONVERSION = YES;
				CLANG_WARN_DEPRECATED_OBJC_IMPLEMENTATIONS = YES;
				CLANG_WARN_DIRECT_OBJC_ISA_USAGE = YES_ERROR;
				CLANG_WARN_EMPTY_BODY = YES;
				CLANG_WARN_ENUM_CONVERSION = YES;
				CLANG_WARN_INFINITE_RECURSION = YES;
				CLANG_WARN_INT_CONVERSION = YES;
				CLANG_WARN_NON_LITERAL_NULL_CONVERSION = YES;
				CLANG_WARN_OBJC_IMPLICIT_RETAIN_SELF = YES;
				CLANG_WARN_OBJC_LITERAL_CONVERSION = YES;
				CLANG_WARN_OBJC_ROOT_CLASS = YES_ERROR;
				CLANG_WARN_QUOTED_INCLUDE_IN_FRAMEWORK_HEADER = YES;
				CLANG_WARN_RANGE_LOOP_ANALYSIS = YES;
				CLANG_WARN_STRICT_PROTOTYPES = YES;
				CLANG_WARN_SUSPICIOUS_MOVE = YES;
				CLANG_WARN_UNREACHABLE_CODE = YES;
				CLANG_WARN__DUPLICATE_METHOD_MATCH = YES;
				"CODE_SIGN_IDENTITY[sdk=iphoneos*]" = "iPhone Developer";
				COPY_PHASE_STRIP = YES;
				ENABLE_NS_ASSERTIONS = NO;
				ENABLE_STRICT_OBJC_MSGSEND = YES;
				"EXCLUDED_ARCHS[sdk=iphonesimulator*]" = "";
				GCC_C_LANGUAGE_STANDARD = gnu99;
				GCC_NO_COMMON_BLOCKS = YES;
				GCC_WARN_64_TO_32_BIT_CONVERSION = YES;
				GCC_WARN_ABOUT_RETURN_TYPE = YES_ERROR;
				GCC_WARN_UNDECLARED_SELECTOR = YES;
				GCC_WARN_UNINITIALIZED_AUTOS = YES_AGGRESSIVE;
				GCC_WARN_UNUSED_FUNCTION = YES;
				GCC_WARN_UNUSED_VARIABLE = YES;
				IPHONEOS_DEPLOYMENT_TARGET = 13.4;
				LD_RUNPATH_SEARCH_PATHS = (
					/usr/lib/swift,
					"$(inherited)",
				);
				LIBRARY_SEARCH_PATHS = (
					"\"$(SDKROOT)/usr/lib/swift\"",
					"\"$(TOOLCHAIN_DIR)/usr/lib/swift/$(PLATFORM_NAME)\"",
					"\"$(inherited)\"",
				);
				MTL_ENABLE_DEBUG_INFO = NO;
				OTHER_CPLUSPLUSFLAGS = (
					"$(OTHER_CFLAGS)",
					"-DFOLLY_NO_CONFIG",
					"-DFOLLY_MOBILE=1",
					"-DFOLLY_USE_LIBCPP=1",
					"-DFOLLY_CFG_NO_COROUTINES=1",
				);
				SDKROOT = iphoneos;
				VALIDATE_PRODUCT = YES;
			};
			name = Release;
		};
/* End XCBuildConfiguration section */

/* Begin XCConfigurationList section */
		00E357021AD99517003FC87E /* Build configuration list for PBXNativeTarget "Coffee_Shop_AppTests" */ = {
			isa = XCConfigurationList;
			buildConfigurations = (
				00E356F61AD99517003FC87E /* Debug */,
				00E356F71AD99517003FC87E /* Release */,
			);
			defaultConfigurationIsVisible = 0;
			defaultConfigurationName = Release;
		};
		13B07F931A680F5B00A75B9A /* Build configuration list for PBXNativeTarget "Coffee_Shop_App" */ = {
			isa = XCConfigurationList;
			buildConfigurations = (
				13B07F941A680F5B00A75B9A /* Debug */,
				13B07F951A680F5B00A75B9A /* Release */,
			);
			defaultConfigurationIsVisible = 0;
			defaultConfigurationName = Release;
		};
		83CBB9FA1A601CBA00E9B192 /* Build configuration list for PBXProject "Coffee_Shop_App" */ = {
			isa = XCConfigurationList;
			buildConfigurations = (
				83CBBA201A601CBA00E9B192 /* Debug */,
				83CBBA211A601CBA00E9B192 /* Release */,
			);
			defaultConfigurationIsVisible = 0;
			defaultConfigurationName = Release;
		};
/* End XCConfigurationList section */
	};
	rootObject = 83CBB9F71A601CBA00E9B192 /* Project object */;
}
